// !$*UTF8*$!
{
	archiveVersion = 1;
	classes = {
	};
	objectVersion = 77;
	objects = {

/* Begin PBXContainerItemProxy section */
		E827F1C92CC68C2700C73698 /* PBXContainerItemProxy */ = {
			isa = PBXContainerItemProxy;
			containerPortal = E827F1B02CC68C2400C73698 /* Project object */;
			proxyType = 1;
			remoteGlobalIDString = E827F1B72CC68C2400C73698;
			remoteInfo = splitbit;
		};
		E827F1D32CC68C2700C73698 /* PBXContainerItemProxy */ = {
			isa = PBXContainerItemProxy;
			containerPortal = E827F1B02CC68C2400C73698 /* Project object */;
			proxyType = 1;
			remoteGlobalIDString = E827F1B72CC68C2400C73698;
			remoteInfo = splitbit;
		};
/* End PBXContainerItemProxy section */

/* Begin PBXFileReference section */
		E827F1B82CC68C2400C73698 /* splitbit.app */ = {isa = PBXFileReference; explicitFileType = wrapper.application; includeInIndex = 0; path = splitbit.app; sourceTree = BUILT_PRODUCTS_DIR; };
		E827F1C82CC68C2700C73698 /* splitbitTests.xctest */ = {isa = PBXFileReference; explicitFileType = wrapper.cfbundle; includeInIndex = 0; path = splitbitTests.xctest; sourceTree = BUILT_PRODUCTS_DIR; };
		E827F1D22CC68C2700C73698 /* splitbitUITests.xctest */ = {isa = PBXFileReference; explicitFileType = wrapper.cfbundle; includeInIndex = 0; path = splitbitUITests.xctest; sourceTree = BUILT_PRODUCTS_DIR; };
/* End PBXFileReference section */

/* Begin PBXFileSystemSynchronizedRootGroup section */
		E827F1BA2CC68C2400C73698 /* splitbit */ = {
			isa = PBXFileSystemSynchronizedRootGroup;
			path = splitbit;
			sourceTree = "<group>";
		};
		E827F1CB2CC68C2700C73698 /* splitbitTests */ = {
			isa = PBXFileSystemSynchronizedRootGroup;
			path = splitbitTests;
			sourceTree = "<group>";
		};
		E827F1D52CC68C2700C73698 /* splitbitUITests */ = {
			isa = PBXFileSystemSynchronizedRootGroup;
			path = splitbitUITests;
			sourceTree = "<group>";
		};
/* End PBXFileSystemSynchronizedRootGroup section */

/* Begin PBXFrameworksBuildPhase section */
		E827F1B52CC68C2400C73698 /* Frameworks */ = {
			isa = PBXFrameworksBuildPhase;
			buildActionMask = 2147483647;
			files = (
			);
			runOnlyForDeploymentPostprocessing = 0;
		};
		E827F1C52CC68C2700C73698 /* Frameworks */ = {
			isa = PBXFrameworksBuildPhase;
			buildActionMask = 2147483647;
			files = (
			);
			runOnlyForDeploymentPostprocessing = 0;
		};
		E827F1CF2CC68C2700C73698 /* Frameworks */ = {
			isa = PBXFrameworksBuildPhase;
			buildActionMask = 2147483647;
			files = (
			);
			runOnlyForDeploymentPostprocessing = 0;
		};
/* End PBXFrameworksBuildPhase section */

/* Begin PBXGroup section */
		E827F1AF2CC68C2400C73698 = {
			isa = PBXGroup;
			children = (
				E827F1BA2CC68C2400C73698 /* splitbit */,
				E827F1CB2CC68C2700C73698 /* splitbitTests */,
				E827F1D52CC68C2700C73698 /* splitbitUITests */,
				E827F1B92CC68C2400C73698 /* Products */,
			);
			sourceTree = "<group>";
		};
		E827F1B92CC68C2400C73698 /* Products */ = {
			isa = PBXGroup;
			children = (
				E827F1B82CC68C2400C73698 /* splitbit.app */,
				E827F1C82CC68C2700C73698 /* splitbitTests.xctest */,
				E827F1D22CC68C2700C73698 /* splitbitUITests.xctest */,
			);
			name = Products;
			sourceTree = "<group>";
		};
/* End PBXGroup section */

/* Begin PBXNativeTarget section */
		E827F1B72CC68C2400C73698 /* splitbit */ = {
			isa = PBXNativeTarget;
			buildConfigurationList = E827F1DC2CC68C2700C73698 /* Build configuration list for PBXNativeTarget "splitbit" */;
			buildPhases = (
				E827F1B42CC68C2400C73698 /* Sources */,
				E827F1B52CC68C2400C73698 /* Frameworks */,
				E827F1B62CC68C2400C73698 /* Resources */,
			);
			buildRules = (
			);
			dependencies = (
			);
			fileSystemSynchronizedGroups = (
				E827F1BA2CC68C2400C73698 /* splitbit */,
			);
			name = splitbit;
			packageProductDependencies = (
			);
			productName = splitbit;
			productReference = E827F1B82CC68C2400C73698 /* splitbit.app */;
			productType = "com.apple.product-type.application";
		};
		E827F1C72CC68C2700C73698 /* splitbitTests */ = {
			isa = PBXNativeTarget;
			buildConfigurationList = E827F1DF2CC68C2700C73698 /* Build configuration list for PBXNativeTarget "splitbitTests" */;
			buildPhases = (
				E827F1C42CC68C2700C73698 /* Sources */,
				E827F1C52CC68C2700C73698 /* Frameworks */,
				E827F1C62CC68C2700C73698 /* Resources */,
			);
			buildRules = (
			);
			dependencies = (
				E827F1CA2CC68C2700C73698 /* PBXTargetDependency */,
			);
			fileSystemSynchronizedGroups = (
				E827F1CB2CC68C2700C73698 /* splitbitTests */,
			);
			name = splitbitTests;
			packageProductDependencies = (
			);
			productName = splitbitTests;
			productReference = E827F1C82CC68C2700C73698 /* splitbitTests.xctest */;
			productType = "com.apple.product-type.bundle.unit-test";
		};
		E827F1D12CC68C2700C73698 /* splitbitUITests */ = {
			isa = PBXNativeTarget;
			buildConfigurationList = E827F1E22CC68C2700C73698 /* Build configuration list for PBXNativeTarget "splitbitUITests" */;
			buildPhases = (
				E827F1CE2CC68C2700C73698 /* Sources */,
				E827F1CF2CC68C2700C73698 /* Frameworks */,
				E827F1D02CC68C2700C73698 /* Resources */,
			);
			buildRules = (
			);
			dependencies = (
				E827F1D42CC68C2700C73698 /* PBXTargetDependency */,
			);
			fileSystemSynchronizedGroups = (
				E827F1D52CC68C2700C73698 /* splitbitUITests */,
			);
			name = splitbitUITests;
			packageProductDependencies = (
			);
			productName = splitbitUITests;
			productReference = E827F1D22CC68C2700C73698 /* splitbitUITests.xctest */;
			productType = "com.apple.product-type.bundle.ui-testing";
		};
/* End PBXNativeTarget section */

/* Begin PBXProject section */
		E827F1B02CC68C2400C73698 /* Project object */ = {
			isa = PBXProject;
			attributes = {
				BuildIndependentTargetsInParallel = 1;
				LastSwiftUpdateCheck = 1600;
				LastUpgradeCheck = 1600;
				TargetAttributes = {
					E827F1B72CC68C2400C73698 = {
						CreatedOnToolsVersion = 16.0;
					};
					E827F1C72CC68C2700C73698 = {
						CreatedOnToolsVersion = 16.0;
						TestTargetID = E827F1B72CC68C2400C73698;
					};
					E827F1D12CC68C2700C73698 = {
						CreatedOnToolsVersion = 16.0;
						TestTargetID = E827F1B72CC68C2400C73698;
					};
				};
			};
			buildConfigurationList = E827F1B32CC68C2400C73698 /* Build configuration list for PBXProject "splitbit" */;
			developmentRegion = en;
			hasScannedForEncodings = 0;
			knownRegions = (
				en,
				Base,
			);
			mainGroup = E827F1AF2CC68C2400C73698;
			minimizedProjectReferenceProxies = 1;
			preferredProjectObjectVersion = 77;
			productRefGroup = E827F1B92CC68C2400C73698 /* Products */;
			projectDirPath = "";
			projectRoot = "";
			targets = (
				E827F1B72CC68C2400C73698 /* splitbit */,
				E827F1C72CC68C2700C73698 /* splitbitTests */,
				E827F1D12CC68C2700C73698 /* splitbitUITests */,
			);
		};
/* End PBXProject section */

/* Begin PBXResourcesBuildPhase section */
		E827F1B62CC68C2400C73698 /* Resources */ = {
			isa = PBXResourcesBuildPhase;
			buildActionMask = 2147483647;
			files = (
			);
			runOnlyForDeploymentPostprocessing = 0;
		};
		E827F1C62CC68C2700C73698 /* Resources */ = {
			isa = PBXResourcesBuildPhase;
			buildActionMask = 2147483647;
			files = (
			);
			runOnlyForDeploymentPostprocessing = 0;
		};
		E827F1D02CC68C2700C73698 /* Resources */ = {
			isa = PBXResourcesBuildPhase;
			buildActionMask = 2147483647;
			files = (
			);
			runOnlyForDeploymentPostprocessing = 0;
		};
/* End PBXResourcesBuildPhase section */

/* Begin PBXSourcesBuildPhase section */
		E827F1B42CC68C2400C73698 /* Sources */ = {
			isa = PBXSourcesBuildPhase;
			buildActionMask = 2147483647;
			files = (
			);
			runOnlyForDeploymentPostprocessing = 0;
		};
		E827F1C42CC68C2700C73698 /* Sources */ = {
			isa = PBXSourcesBuildPhase;
			buildActionMask = 2147483647;
			files = (
			);
			runOnlyForDeploymentPostprocessing = 0;
		};
		E827F1CE2CC68C2700C73698 /* Sources */ = {
			isa = PBXSourcesBuildPhase;
			buildActionMask = 2147483647;
			files = (
			);
			runOnlyForDeploymentPostprocessing = 0;
		};
/* End PBXSourcesBuildPhase section */

/* Begin PBXTargetDependency section */
		E827F1CA2CC68C2700C73698 /* PBXTargetDependency */ = {
			isa = PBXTargetDependency;
			target = E827F1B72CC68C2400C73698 /* splitbit */;
			targetProxy = E827F1C92CC68C2700C73698 /* PBXContainerItemProxy */;
		};
		E827F1D42CC68C2700C73698 /* PBXTargetDependency */ = {
			isa = PBXTargetDependency;
			target = E827F1B72CC68C2400C73698 /* splitbit */;
			targetProxy = E827F1D32CC68C2700C73698 /* PBXContainerItemProxy */;
		};
/* End PBXTargetDependency section */

/* Begin XCBuildConfiguration section */
		E827F1DA2CC68C2700C73698 /* Debug */ = {
			isa = XCBuildConfiguration;
			buildSettings = {
				ALWAYS_SEARCH_USER_PATHS = NO;
				ASSETCATALOG_COMPILER_GENERATE_SWIFT_ASSET_SYMBOL_EXTENSIONS = YES;
				CLANG_ANALYZER_NONNULL = YES;
				CLANG_ANALYZER_NUMBER_OBJECT_CONVERSION = YES_AGGRESSIVE;
				CLANG_CXX_LANGUAGE_STANDARD = "gnu++20";
				CLANG_ENABLE_MODULES = YES;
				CLANG_ENABLE_OBJC_ARC = YES;
				CLANG_ENABLE_OBJC_WEAK = YES;
				CLANG_WARN_BLOCK_CAPTURE_AUTORELEASING = YES;
				CLANG_WARN_BOOL_CONVERSION = YES;
				CLANG_WARN_COMMA = YES;
				CLANG_WARN_CONSTANT_CONVERSION = YES;
				CLANG_WARN_DEPRECATED_OBJC_IMPLEMENTATIONS = YES;
				CLANG_WARN_DIRECT_OBJC_ISA_USAGE = YES_ERROR;
				CLANG_WARN_DOCUMENTATION_COMMENTS = YES;
				CLANG_WARN_EMPTY_BODY = YES;
				CLANG_WARN_ENUM_CONVERSION = YES;
				CLANG_WARN_INFINITE_RECURSION = YES;
				CLANG_WARN_INT_CONVERSION = YES;
				CLANG_WARN_NON_LITERAL_NULL_CONVERSION = YES;
				CLANG_WARN_OBJC_IMPLICIT_RETAIN_SELF = YES;
				CLANG_WARN_OBJC_LITERAL_CONVERSION = YES;
				CLANG_WARN_OBJC_ROOT_CLASS = YES_ERROR;
				CLANG_WARN_QUOTED_INCLUDE_IN_FRAMEWORK_HEADER = YES;
				CLANG_WARN_RANGE_LOOP_ANALYSIS = YES;
				CLANG_WARN_STRICT_PROTOTYPES = YES;
				CLANG_WARN_SUSPICIOUS_MOVE = YES;
				CLANG_WARN_UNGUARDED_AVAILABILITY = YES_AGGRESSIVE;
				CLANG_WARN_UNREACHABLE_CODE = YES;
				CLANG_WARN__DUPLICATE_METHOD_MATCH = YES;
				COPY_PHASE_STRIP = NO;
				DEBUG_INFORMATION_FORMAT = dwarf;
				ENABLE_STRICT_OBJC_MSGSEND = YES;
				ENABLE_TESTABILITY = YES;
				ENABLE_USER_SCRIPT_SANDBOXING = YES;
				GCC_C_LANGUAGE_STANDARD = gnu17;
				GCC_DYNAMIC_NO_PIC = NO;
				GCC_NO_COMMON_BLOCKS = YES;
				GCC_OPTIMIZATION_LEVEL = 0;
				GCC_PREPROCESSOR_DEFINITIONS = (
					"DEBUG=1",
					"$(inherited)",
				);
				GCC_WARN_64_TO_32_BIT_CONVERSION = YES;
				GCC_WARN_ABOUT_RETURN_TYPE = YES_ERROR;
				GCC_WARN_UNDECLARED_SELECTOR = YES;
				GCC_WARN_UNINITIALIZED_AUTOS = YES_AGGRESSIVE;
				GCC_WARN_UNUSED_FUNCTION = YES;
				GCC_WARN_UNUSED_VARIABLE = YES;
				IPHONEOS_DEPLOYMENT_TARGET = 18.0;
				LOCALIZATION_PREFERS_STRING_CATALOGS = YES;
				MTL_ENABLE_DEBUG_INFO = INCLUDE_SOURCE;
				MTL_FAST_MATH = YES;
				ONLY_ACTIVE_ARCH = YES;
				SDKROOT = iphoneos;
				SWIFT_ACTIVE_COMPILATION_CONDITIONS = "DEBUG $(inherited)";
				SWIFT_OPTIMIZATION_LEVEL = "-Onone";
			};
			name = Debug;
		};
		E827F1DB2CC68C2700C73698 /* Release */ = {
			isa = XCBuildConfiguration;
			buildSettings = {
				ALWAYS_SEARCH_USER_PATHS = NO;
				ASSETCATALOG_COMPILER_GENERATE_SWIFT_ASSET_SYMBOL_EXTENSIONS = YES;
				CLANG_ANALYZER_NONNULL = YES;
				CLANG_ANALYZER_NUMBER_OBJECT_CONVERSION = YES_AGGRESSIVE;
				CLANG_CXX_LANGUAGE_STANDARD = "gnu++20";
				CLANG_ENABLE_MODULES = YES;
				CLANG_ENABLE_OBJC_ARC = YES;
				CLANG_ENABLE_OBJC_WEAK = YES;
				CLANG_WARN_BLOCK_CAPTURE_AUTORELEASING = YES;
				CLANG_WARN_BOOL_CONVERSION = YES;
				CLANG_WARN_COMMA = YES;
				CLANG_WARN_CONSTANT_CONVERSION = YES;
				CLANG_WARN_DEPRECATED_OBJC_IMPLEMENTATIONS = YES;
				CLANG_WARN_DIRECT_OBJC_ISA_USAGE = YES_ERROR;
				CLANG_WARN_DOCUMENTATION_COMMENTS = YES;
				CLANG_WARN_EMPTY_BODY = YES;
				CLANG_WARN_ENUM_CONVERSION = YES;
				CLANG_WARN_INFINITE_RECURSION = YES;
				CLANG_WARN_INT_CONVERSION = YES;
				CLANG_WARN_NON_LITERAL_NULL_CONVERSION = YES;
				CLANG_WARN_OBJC_IMPLICIT_RETAIN_SELF = YES;
				CLANG_WARN_OBJC_LITERAL_CONVERSION = YES;
				CLANG_WARN_OBJC_ROOT_CLASS = YES_ERROR;
				CLANG_WARN_QUOTED_INCLUDE_IN_FRAMEWORK_HEADER = YES;
				CLANG_WARN_RANGE_LOOP_ANALYSIS = YES;
				CLANG_WARN_STRICT_PROTOTYPES = YES;
				CLANG_WARN_SUSPICIOUS_MOVE = YES;
				CLANG_WARN_UNGUARDED_AVAILABILITY = YES_AGGRESSIVE;
				CLANG_WARN_UNREACHABLE_CODE = YES;
				CLANG_WARN__DUPLICATE_METHOD_MATCH = YES;
				COPY_PHASE_STRIP = NO;
				DEBUG_INFORMATION_FORMAT = "dwarf-with-dsym";
				ENABLE_NS_ASSERTIONS = NO;
				ENABLE_STRICT_OBJC_MSGSEND = YES;
				ENABLE_USER_SCRIPT_SANDBOXING = YES;
				GCC_C_LANGUAGE_STANDARD = gnu17;
				GCC_NO_COMMON_BLOCKS = YES;
				GCC_WARN_64_TO_32_BIT_CONVERSION = YES;
				GCC_WARN_ABOUT_RETURN_TYPE = YES_ERROR;
				GCC_WARN_UNDECLARED_SELECTOR = YES;
				GCC_WARN_UNINITIALIZED_AUTOS = YES_AGGRESSIVE;
				GCC_WARN_UNUSED_FUNCTION = YES;
				GCC_WARN_UNUSED_VARIABLE = YES;
				IPHONEOS_DEPLOYMENT_TARGET = 18.0;
				LOCALIZATION_PREFERS_STRING_CATALOGS = YES;
				MTL_ENABLE_DEBUG_INFO = NO;
				MTL_FAST_MATH = YES;
				SDKROOT = iphoneos;
				SWIFT_COMPILATION_MODE = wholemodule;
				VALIDATE_PRODUCT = YES;
			};
			name = Release;
		};
		E827F1DD2CC68C2700C73698 /* Debug */ = {
			isa = XCBuildConfiguration;
			buildSettings = {
				ASSETCATALOG_COMPILER_APPICON_NAME = AppIcon;
				ASSETCATALOG_COMPILER_GLOBAL_ACCENT_COLOR_NAME = AccentColor;
				CODE_SIGN_STYLE = Automatic;
				CURRENT_PROJECT_VERSION = 1;
				DEVELOPMENT_ASSET_PATHS = "\"splitbit/Preview Content\"";
				DEVELOPMENT_TEAM = 7D83UT37YD;
				ENABLE_PREVIEWS = YES;
				GENERATE_INFOPLIST_FILE = YES;
				INFOPLIST_KEY_UIApplicationSceneManifest_Generation = YES;
				INFOPLIST_KEY_UIApplicationSupportsIndirectInputEvents = YES;
				INFOPLIST_KEY_UILaunchScreen_Generation = YES;
				INFOPLIST_KEY_UISupportedInterfaceOrientations_iPad = "UIInterfaceOrientationPortrait UIInterfaceOrientationPortraitUpsideDown UIInterfaceOrientationLandscapeLeft UIInterfaceOrientationLandscapeRight";
				INFOPLIST_KEY_UISupportedInterfaceOrientations_iPhone = "UIInterfaceOrientationPortrait UIInterfaceOrientationLandscapeLeft UIInterfaceOrientationLandscapeRight";
				IPHONEOS_DEPLOYMENT_TARGET = 17.0;
				LD_RUNPATH_SEARCH_PATHS = (
					"$(inherited)",
					"@executable_path/Frameworks",
				);
				MARKETING_VERSION = 1.0;
				PRODUCT_BUNDLE_IDENTIFIER = fi.isdc.splitbit;
				PRODUCT_NAME = "$(TARGET_NAME)";
				SWIFT_EMIT_LOC_STRINGS = YES;
				SWIFT_VERSION = 5.0;
				TARGETED_DEVICE_FAMILY = "1,2";
			};
			name = Debug;
		};
		E827F1DE2CC68C2700C73698 /* Release */ = {
			isa = XCBuildConfiguration;
			buildSettings = {
				ASSETCATALOG_COMPILER_APPICON_NAME = AppIcon;
				ASSETCATALOG_COMPILER_GLOBAL_ACCENT_COLOR_NAME = AccentColor;
				CODE_SIGN_STYLE = Automatic;
				CURRENT_PROJECT_VERSION = 1;
				DEVELOPMENT_ASSET_PATHS = "\"splitbit/Preview Content\"";
				DEVELOPMENT_TEAM = 7D83UT37YD;
				ENABLE_PREVIEWS = YES;
				GENERATE_INFOPLIST_FILE = YES;
				INFOPLIST_KEY_UIApplicationSceneManifest_Generation = YES;
				INFOPLIST_KEY_UIApplicationSupportsIndirectInputEvents = YES;
				INFOPLIST_KEY_UILaunchScreen_Generation = YES;
				INFOPLIST_KEY_UISupportedInterfaceOrientations_iPad = "UIInterfaceOrientationPortrait UIInterfaceOrientationPortraitUpsideDown UIInterfaceOrientationLandscapeLeft UIInterfaceOrientationLandscapeRight";
				INFOPLIST_KEY_UISupportedInterfaceOrientations_iPhone = "UIInterfaceOrientationPortrait UIInterfaceOrientationLandscapeLeft UIInterfaceOrientationLandscapeRight";
				IPHONEOS_DEPLOYMENT_TARGET = 17.0;
				LD_RUNPATH_SEARCH_PATHS = (
					"$(inherited)",
					"@executable_path/Frameworks",
				);
				MARKETING_VERSION = 1.0;
				PRODUCT_BUNDLE_IDENTIFIER = fi.isdc.splitbit;
				PRODUCT_NAME = "$(TARGET_NAME)";
				SWIFT_EMIT_LOC_STRINGS = YES;
				SWIFT_VERSION = 5.0;
				TARGETED_DEVICE_FAMILY = "1,2";
			};
			name = Release;
		};
		E827F1E02CC68C2700C73698 /* Debug */ = {
			isa = XCBuildConfiguration;
			buildSettings = {
				BUNDLE_LOADER = "$(TEST_HOST)";
				CODE_SIGN_STYLE = Automatic;
				CURRENT_PROJECT_VERSION = 1;
				DEVELOPMENT_TEAM = 7D83UT37YD;
				GENERATE_INFOPLIST_FILE = YES;
				IPHONEOS_DEPLOYMENT_TARGET = 18.0;
				MARKETING_VERSION = 1.0;
				PRODUCT_BUNDLE_IDENTIFIER = fi.isdc.splitbitTests;
				PRODUCT_NAME = "$(TARGET_NAME)";
				SWIFT_EMIT_LOC_STRINGS = NO;
				SWIFT_VERSION = 5.0;
				TARGETED_DEVICE_FAMILY = "1,2";
				TEST_HOST = "$(BUILT_PRODUCTS_DIR)/splitbit.app/$(BUNDLE_EXECUTABLE_FOLDER_PATH)/splitbit";
			};
			name = Debug;
		};
		E827F1E12CC68C2700C73698 /* Release */ = {
			isa = XCBuildConfiguration;
			buildSettings = {
				BUNDLE_LOADER = "$(TEST_HOST)";
				CODE_SIGN_STYLE = Automatic;
				CURRENT_PROJECT_VERSION = 1;
				DEVELOPMENT_TEAM = 7D83UT37YD;
				GENERATE_INFOPLIST_FILE = YES;
				IPHONEOS_DEPLOYMENT_TARGET = 18.0;
				MARKETING_VERSION = 1.0;
				PRODUCT_BUNDLE_IDENTIFIER = fi.isdc.splitbitTests;
				PRODUCT_NAME = "$(TARGET_NAME)";
				SWIFT_EMIT_LOC_STRINGS = NO;
				SWIFT_VERSION = 5.0;
				TARGETED_DEVICE_FAMILY = "1,2";
				TEST_HOST = "$(BUILT_PRODUCTS_DIR)/splitbit.app/$(BUNDLE_EXECUTABLE_FOLDER_PATH)/splitbit";
			};
			name = Release;
		};
		E827F1E32CC68C2700C73698 /* Debug */ = {
			isa = XCBuildConfiguration;
			buildSettings = {
				CODE_SIGN_STYLE = Automatic;
				CURRENT_PROJECT_VERSION = 1;
				DEVELOPMENT_TEAM = 7D83UT37YD;
				GENERATE_INFOPLIST_FILE = YES;
				MARKETING_VERSION = 1.0;
				PRODUCT_BUNDLE_IDENTIFIER = fi.isdc.splitbitUITests;
				PRODUCT_NAME = "$(TARGET_NAME)";
				SWIFT_EMIT_LOC_STRINGS = NO;
				SWIFT_VERSION = 5.0;
				TARGETED_DEVICE_FAMILY = "1,2";
				TEST_TARGET_NAME = splitbit;
			};
			name = Debug;
		};
		E827F1E42CC68C2700C73698 /* Release */ = {
			isa = XCBuildConfiguration;
			buildSettings = {
				CODE_SIGN_STYLE = Automatic;
				CURRENT_PROJECT_VERSION = 1;
				DEVELOPMENT_TEAM = 7D83UT37YD;
				GENERATE_INFOPLIST_FILE = YES;
				MARKETING_VERSION = 1.0;
				PRODUCT_BUNDLE_IDENTIFIER = fi.isdc.splitbitUITests;
				PRODUCT_NAME = "$(TARGET_NAME)";
				SWIFT_EMIT_LOC_STRINGS = NO;
				SWIFT_VERSION = 5.0;
				TARGETED_DEVICE_FAMILY = "1,2";
				TEST_TARGET_NAME = splitbit;
			};
			name = Release;
		};
/* End XCBuildConfiguration section */

/* Begin XCConfigurationList section */
		E827F1B32CC68C2400C73698 /* Build configuration list for PBXProject "splitbit" */ = {
			isa = XCConfigurationList;
			buildConfigurations = (
				E827F1DA2CC68C2700C73698 /* Debug */,
				E827F1DB2CC68C2700C73698 /* Release */,
			);
			defaultConfigurationIsVisible = 0;
			defaultConfigurationName = Release;
		};
		E827F1DC2CC68C2700C73698 /* Build configuration list for PBXNativeTarget "splitbit" */ = {
			isa = XCConfigurationList;
			buildConfigurations = (
				E827F1DD2CC68C2700C73698 /* Debug */,
				E827F1DE2CC68C2700C73698 /* Release */,
			);
			defaultConfigurationIsVisible = 0;
			defaultConfigurationName = Release;
		};
		E827F1DF2CC68C2700C73698 /* Build configuration list for PBXNativeTarget "splitbitTests" */ = {
			isa = XCConfigurationList;
			buildConfigurations = (
				E827F1E02CC68C2700C73698 /* Debug */,
				E827F1E12CC68C2700C73698 /* Release */,
			);
			defaultConfigurationIsVisible = 0;
			defaultConfigurationName = Release;
		};
		E827F1E22CC68C2700C73698 /* Build configuration list for PBXNativeTarget "splitbitUITests" */ = {
			isa = XCConfigurationList;
			buildConfigurations = (
				E827F1E32CC68C2700C73698 /* Debug */,
				E827F1E42CC68C2700C73698 /* Release */,
			);
			defaultConfigurationIsVisible = 0;
			defaultConfigurationName = Release;
		};
/* End XCConfigurationList section */
	};
	rootObject = E827F1B02CC68C2400C73698 /* Project object */;
}
